
Microsoft Visual Studio Solution File, Format Version 12.00
# Visual Studio 2017
Project("{FAE04EC0-301F-11D3-BF4B-00C04F79EFBC}") = "MvcContacts", "MvcContacts.csproj", "{DD02E6DB-A1B8-4D0E-A0B6-804AC259C844}"
EndProject
Global
	GlobalSection(SolutionConfigurationPlatforms) = preSolution
		Debug|Any CPU = Debug|Any CPU
		Release|Any CPU = Release|Any CPU
	EndGlobalSection
	GlobalSection(ProjectConfigurationPlatforms) = postSolution
		{DD02E6DB-A1B8-4D0E-A0B6-804AC259C844}.Debug|Any CPU.ActiveCfg = Debug|Any CPU
		{DD02E6DB-A1B8-4D0E-A0B6-804AC259C844}.Debug|Any CPU.Build.0 = Debug|Any CPU
		{DD02E6DB-A1B8-4D0E-A0B6-804AC259C844}.Release|Any CPU.ActiveCfg = Release|Any CPU
		{DD02E6DB-A1B8-4D0E-A0B6-804AC259C844}.Release|Any CPU.Build.0 = Release|Any CPU
	EndGlobalSection
EndGlobal
